// !$*UTF8*$!
{
	archiveVersion = 1;
	classes = {
	};
	objectVersion = 52;
	objects = {

/* Begin PBXBuildFile section */
		058557BB273AAA24004C7B11 /* Assets.xcassets in Resources */ = {isa = PBXBuildFile; fileRef = 058557BA273AAA24004C7B11 /* Assets.xcassets */; };
		058557D9273AAEEB004C7B11 /* Preview Assets.xcassets in Resources */ = {isa = PBXBuildFile; fileRef = 058557D8273AAEEB004C7B11 /* Preview Assets.xcassets */; };
		2152FB042600AC8F00CF470E /* MotifApp.swift in Sources */ = {isa = PBXBuildFile; fileRef = 2152FB032600AC8F00CF470E /* MotifApp.swift */; };
		5F74237D291541870076D124 /* ProfileMotifsGrid.swift in Sources */ = {isa = PBXBuildFile; fileRef = 5F74237C291541870076D124 /* ProfileMotifsGrid.swift */; };
		7555FF83242A565900829871 /* ContentView.swift in Sources */ = {isa = PBXBuildFile; fileRef = 7555FF82242A565900829871 /* ContentView.swift */; };
		9555487358718B7574E22AE9 /* Pods_Motif.framework in Frameworks */ = {isa = PBXBuildFile; fileRef = 716E236A76315A487933606F /* Pods_Motif.framework */; };
		B91623EC28E99FEC00CD5D4A /* FeedViewModelShim.swift in Sources */ = {isa = PBXBuildFile; fileRef = B91623EB28E99FEC00CD5D4A /* FeedViewModelShim.swift */; };
		B91623EE28E9A24200CD5D4A /* FeedView.swift in Sources */ = {isa = PBXBuildFile; fileRef = B91623ED28E9A24200CD5D4A /* FeedView.swift */; };
		B91623F028E9A24E00CD5D4A /* PlayerBar.swift in Sources */ = {isa = PBXBuildFile; fileRef = B91623EF28E9A24E00CD5D4A /* PlayerBar.swift */; };
		B91623F328E9AD7D00CD5D4A /* LoginViewModelShim.swift in Sources */ = {isa = PBXBuildFile; fileRef = B91623F228E9AD7D00CD5D4A /* LoginViewModelShim.swift */; };
		B91623F528E9ADB300CD5D4A /* LoginView.swift in Sources */ = {isa = PBXBuildFile; fileRef = B91623F428E9ADB300CD5D4A /* LoginView.swift */; };
		B91623F728E9AE4500CD5D4A /* MainView.swift in Sources */ = {isa = PBXBuildFile; fileRef = B91623F628E9AE4500CD5D4A /* MainView.swift */; };
		B9172E5729113B22007E433D /* ProfileView.swift in Sources */ = {isa = PBXBuildFile; fileRef = B9172E5629113B22007E433D /* ProfileView.swift */; };
		B9172E5929113CCF007E433D /* ProfileViewModelShim.swift in Sources */ = {isa = PBXBuildFile; fileRef = B9172E5829113CCF007E433D /* ProfileViewModelShim.swift */; };
		B9172E5B2911796B007E433D /* ProfileEditView.swift in Sources */ = {isa = PBXBuildFile; fileRef = B9172E5A2911796B007E433D /* ProfileEditView.swift */; };
		B9172E5D29117980007E433D /* ProfileEditViewModelShim.swift in Sources */ = {isa = PBXBuildFile; fileRef = B9172E5C29117980007E433D /* ProfileEditViewModelShim.swift */; };
		B9172E6029118F8A007E433D /* SwiftUIPullToRefresh in Frameworks */ = {isa = PBXBuildFile; productRef = B9172E5F29118F8A007E433D /* SwiftUIPullToRefresh */; };
		B9172E622911AB8A007E433D /* WithinThemeGradient.swift in Sources */ = {isa = PBXBuildFile; fileRef = B9172E612911AB8A007E433D /* WithinThemeGradient.swift */; };
		B91761D528E9026C00731A4D /* KMPNativeCoroutinesAsync in Frameworks */ = {isa = PBXBuildFile; productRef = B91761D428E9026C00731A4D /* KMPNativeCoroutinesAsync */; };
		B91761D728E9026C00731A4D /* KMPNativeCoroutinesCombine in Frameworks */ = {isa = PBXBuildFile; productRef = B91761D628E9026C00731A4D /* KMPNativeCoroutinesCombine */; };
		B91761D928E9026C00731A4D /* KMPNativeCoroutinesCore in Frameworks */ = {isa = PBXBuildFile; productRef = B91761D828E9026C00731A4D /* KMPNativeCoroutinesCore */; };
		B91761DB28E9028900731A4D /* PlayerViewModelShim.swift in Sources */ = {isa = PBXBuildFile; fileRef = B91761DA28E9028900731A4D /* PlayerViewModelShim.swift */; };
		B933A1D0291870CD0061E155 /* ProfileMotifsGridItem.swift in Sources */ = {isa = PBXBuildFile; fileRef = B933A1CF291870CD0061E155 /* ProfileMotifsGridItem.swift */; };
		B933A1D2291884B20061E155 /* Color.swift in Sources */ = {isa = PBXBuildFile; fileRef = B933A1D1291884B20061E155 /* Color.swift */; };
		B933A1D52918855A0061E155 /* MotifDetailView.swift in Sources */ = {isa = PBXBuildFile; fileRef = B933A1D42918855A0061E155 /* MotifDetailView.swift */; };
		B933A1D7291885A60061E155 /* MotifDetailViewModelShim.swift in Sources */ = {isa = PBXBuildFile; fileRef = B933A1D6291885A60061E155 /* MotifDetailViewModelShim.swift */; };
		B933A1DA2918AFDF0061E155 /* DefaultCoverArt.swift in Sources */ = {isa = PBXBuildFile; fileRef = B933A1D92918AFDF0061E155 /* DefaultCoverArt.swift */; };
		B941005C28E92CC8000E0372 /* libsqlite3.tbd in Frameworks */ = {isa = PBXBuildFile; fileRef = B941005B28E92CC8000E0372 /* libsqlite3.tbd */; };
		B97E7460289FF35F008D88C2 /* AppDelegate.swift in Sources */ = {isa = PBXBuildFile; fileRef = B97E745F289FF35F008D88C2 /* AppDelegate.swift */; };
		B9F2F8FD2909BE7A00D2C223 /* Introspect in Frameworks */ = {isa = PBXBuildFile; productRef = B9F2F8FC2909BE7A00D2C223 /* Introspect */; };
		B9F2F8FF2909D97300D2C223 /* PlayerChooser.swift in Sources */ = {isa = PBXBuildFile; fileRef = B9F2F8FE2909D97300D2C223 /* PlayerChooser.swift */; };
		B9F2F9012909E5D000D2C223 /* FeedProfile.swift in Sources */ = {isa = PBXBuildFile; fileRef = B9F2F9002909E5D000D2C223 /* FeedProfile.swift */; };
		B9F2F9032909E60C00D2C223 /* ProfileSearchViewModelShim.swift in Sources */ = {isa = PBXBuildFile; fileRef = B9F2F9022909E60C00D2C223 /* ProfileSearchViewModelShim.swift */; };
		B9F2F9052909E86400D2C223 /* FeedOrProfileSearchView.swift in Sources */ = {isa = PBXBuildFile; fileRef = B9F2F9042909E86400D2C223 /* FeedOrProfileSearchView.swift */; };
		B9F2F9082909E8FA00D2C223 /* ProfileSearchView.swift in Sources */ = {isa = PBXBuildFile; fileRef = B9F2F9072909E8FA00D2C223 /* ProfileSearchView.swift */; };
		B9F2F90A2909F12A00D2C223 /* ProfileSearchProfile.swift in Sources */ = {isa = PBXBuildFile; fileRef = B9F2F9092909F12A00D2C223 /* ProfileSearchProfile.swift */; };
/* End PBXBuildFile section */

/* Begin PBXFileReference section */
		058557BA273AAA24004C7B11 /* Assets.xcassets */ = {isa = PBXFileReference; lastKnownFileType = folder.assetcatalog; path = Assets.xcassets; sourceTree = "<group>"; };
		058557D8273AAEEB004C7B11 /* Preview Assets.xcassets */ = {isa = PBXFileReference; lastKnownFileType = folder.assetcatalog; path = "Preview Assets.xcassets"; sourceTree = "<group>"; };
		2152FB032600AC8F00CF470E /* MotifApp.swift */ = {isa = PBXFileReference; lastKnownFileType = sourcecode.swift; path = MotifApp.swift; sourceTree = "<group>"; };
		534CBD014A0B0C09562D7E93 /* Pods-Motif.debug.xcconfig */ = {isa = PBXFileReference; includeInIndex = 1; lastKnownFileType = text.xcconfig; name = "Pods-Motif.debug.xcconfig"; path = "Target Support Files/Pods-Motif/Pods-Motif.debug.xcconfig"; sourceTree = "<group>"; };
		5F74237C291541870076D124 /* ProfileMotifsGrid.swift */ = {isa = PBXFileReference; lastKnownFileType = sourcecode.swift; path = ProfileMotifsGrid.swift; sourceTree = "<group>"; };
		716E236A76315A487933606F /* Pods_Motif.framework */ = {isa = PBXFileReference; explicitFileType = wrapper.framework; includeInIndex = 0; path = Pods_Motif.framework; sourceTree = BUILT_PRODUCTS_DIR; };
		7555FF7B242A565900829871 /* Motif.app */ = {isa = PBXFileReference; explicitFileType = wrapper.application; includeInIndex = 0; path = Motif.app; sourceTree = BUILT_PRODUCTS_DIR; };
		7555FF82242A565900829871 /* ContentView.swift */ = {isa = PBXFileReference; lastKnownFileType = sourcecode.swift; path = ContentView.swift; sourceTree = "<group>"; };
		7555FF8C242A565B00829871 /* Info.plist */ = {isa = PBXFileReference; lastKnownFileType = text.plist.xml; path = Info.plist; sourceTree = "<group>"; };
		A176F8F676196AEACABC79D0 /* Pods-ios.release.xcconfig */ = {isa = PBXFileReference; includeInIndex = 1; lastKnownFileType = text.xcconfig; name = "Pods-ios.release.xcconfig"; path = "Target Support Files/Pods-ios/Pods-ios.release.xcconfig"; sourceTree = "<group>"; };
		B91623EB28E99FEC00CD5D4A /* FeedViewModelShim.swift */ = {isa = PBXFileReference; lastKnownFileType = sourcecode.swift; path = FeedViewModelShim.swift; sourceTree = "<group>"; };
		B91623ED28E9A24200CD5D4A /* FeedView.swift */ = {isa = PBXFileReference; lastKnownFileType = sourcecode.swift; path = FeedView.swift; sourceTree = "<group>"; };
		B91623EF28E9A24E00CD5D4A /* PlayerBar.swift */ = {isa = PBXFileReference; lastKnownFileType = sourcecode.swift; path = PlayerBar.swift; sourceTree = "<group>"; };
		B91623F228E9AD7D00CD5D4A /* LoginViewModelShim.swift */ = {isa = PBXFileReference; lastKnownFileType = sourcecode.swift; path = LoginViewModelShim.swift; sourceTree = "<group>"; };
		B91623F428E9ADB300CD5D4A /* LoginView.swift */ = {isa = PBXFileReference; lastKnownFileType = sourcecode.swift; path = LoginView.swift; sourceTree = "<group>"; };
		B91623F628E9AE4500CD5D4A /* MainView.swift */ = {isa = PBXFileReference; lastKnownFileType = sourcecode.swift; path = MainView.swift; sourceTree = "<group>"; };
		B9172E5629113B22007E433D /* ProfileView.swift */ = {isa = PBXFileReference; lastKnownFileType = sourcecode.swift; path = ProfileView.swift; sourceTree = "<group>"; };
		B9172E5829113CCF007E433D /* ProfileViewModelShim.swift */ = {isa = PBXFileReference; lastKnownFileType = sourcecode.swift; path = ProfileViewModelShim.swift; sourceTree = "<group>"; };
		B9172E5A2911796B007E433D /* ProfileEditView.swift */ = {isa = PBXFileReference; lastKnownFileType = sourcecode.swift; path = ProfileEditView.swift; sourceTree = "<group>"; };
		B9172E5C29117980007E433D /* ProfileEditViewModelShim.swift */ = {isa = PBXFileReference; lastKnownFileType = sourcecode.swift; path = ProfileEditViewModelShim.swift; sourceTree = "<group>"; };
		B9172E612911AB8A007E433D /* WithinThemeGradient.swift */ = {isa = PBXFileReference; lastKnownFileType = sourcecode.swift; path = WithinThemeGradient.swift; sourceTree = "<group>"; };
		B91761DA28E9028900731A4D /* PlayerViewModelShim.swift */ = {isa = PBXFileReference; lastKnownFileType = sourcecode.swift; path = PlayerViewModelShim.swift; sourceTree = "<group>"; };
		B933A1CF291870CD0061E155 /* ProfileMotifsGridItem.swift */ = {isa = PBXFileReference; lastKnownFileType = sourcecode.swift; path = ProfileMotifsGridItem.swift; sourceTree = "<group>"; };
		B933A1D1291884B20061E155 /* Color.swift */ = {isa = PBXFileReference; lastKnownFileType = sourcecode.swift; path = Color.swift; sourceTree = "<group>"; };
		B933A1D42918855A0061E155 /* MotifDetailView.swift */ = {isa = PBXFileReference; lastKnownFileType = sourcecode.swift; path = MotifDetailView.swift; sourceTree = "<group>"; };
		B933A1D6291885A60061E155 /* MotifDetailViewModelShim.swift */ = {isa = PBXFileReference; lastKnownFileType = sourcecode.swift; path = MotifDetailViewModelShim.swift; sourceTree = "<group>"; };
		B933A1D92918AFDF0061E155 /* DefaultCoverArt.swift */ = {isa = PBXFileReference; lastKnownFileType = sourcecode.swift; path = DefaultCoverArt.swift; sourceTree = "<group>"; };
		B941005B28E92CC8000E0372 /* libsqlite3.tbd */ = {isa = PBXFileReference; lastKnownFileType = "sourcecode.text-based-dylib-definition"; name = libsqlite3.tbd; path = usr/lib/libsqlite3.tbd; sourceTree = SDKROOT; };
		B97E745F289FF35F008D88C2 /* AppDelegate.swift */ = {isa = PBXFileReference; lastKnownFileType = sourcecode.swift; path = AppDelegate.swift; sourceTree = "<group>"; };
		B9F2F8FE2909D97300D2C223 /* PlayerChooser.swift */ = {isa = PBXFileReference; lastKnownFileType = sourcecode.swift; path = PlayerChooser.swift; sourceTree = "<group>"; };
		B9F2F9002909E5D000D2C223 /* FeedProfile.swift */ = {isa = PBXFileReference; lastKnownFileType = sourcecode.swift; path = FeedProfile.swift; sourceTree = "<group>"; };
		B9F2F9022909E60C00D2C223 /* ProfileSearchViewModelShim.swift */ = {isa = PBXFileReference; lastKnownFileType = sourcecode.swift; path = ProfileSearchViewModelShim.swift; sourceTree = "<group>"; };
		B9F2F9042909E86400D2C223 /* FeedOrProfileSearchView.swift */ = {isa = PBXFileReference; lastKnownFileType = sourcecode.swift; path = FeedOrProfileSearchView.swift; sourceTree = "<group>"; };
		B9F2F9072909E8FA00D2C223 /* ProfileSearchView.swift */ = {isa = PBXFileReference; lastKnownFileType = sourcecode.swift; path = ProfileSearchView.swift; sourceTree = "<group>"; };
		B9F2F9092909F12A00D2C223 /* ProfileSearchProfile.swift */ = {isa = PBXFileReference; lastKnownFileType = sourcecode.swift; path = ProfileSearchProfile.swift; sourceTree = "<group>"; };
		E2D5CFA5C15AA5B324F25A6D /* Pods-ios.debug.xcconfig */ = {isa = PBXFileReference; includeInIndex = 1; lastKnownFileType = text.xcconfig; name = "Pods-ios.debug.xcconfig"; path = "Target Support Files/Pods-ios/Pods-ios.debug.xcconfig"; sourceTree = "<group>"; };
		EA319ECABE6ABA49504664E0 /* Pods-Motif.release.xcconfig */ = {isa = PBXFileReference; includeInIndex = 1; lastKnownFileType = text.xcconfig; name = "Pods-Motif.release.xcconfig"; path = "Target Support Files/Pods-Motif/Pods-Motif.release.xcconfig"; sourceTree = "<group>"; };
/* End PBXFileReference section */

/* Begin PBXFrameworksBuildPhase section */
		6738E1C627BC642EDC999A40 /* Frameworks */ = {
			isa = PBXFrameworksBuildPhase;
			buildActionMask = 2147483647;
			files = (
				B941005C28E92CC8000E0372 /* libsqlite3.tbd in Frameworks */,
				B9F2F8FD2909BE7A00D2C223 /* Introspect in Frameworks */,
				B91761D728E9026C00731A4D /* KMPNativeCoroutinesCombine in Frameworks */,
				B91761D528E9026C00731A4D /* KMPNativeCoroutinesAsync in Frameworks */,
				B91761D928E9026C00731A4D /* KMPNativeCoroutinesCore in Frameworks */,
				B9172E6029118F8A007E433D /* SwiftUIPullToRefresh in Frameworks */,
				9555487358718B7574E22AE9 /* Pods_Motif.framework in Frameworks */,
			);
			runOnlyForDeploymentPostprocessing = 0;
		};
/* End PBXFrameworksBuildPhase section */

/* Begin PBXGroup section */
		058557D7273AAEEB004C7B11 /* Preview Content */ = {
			isa = PBXGroup;
			children = (
				058557D8273AAEEB004C7B11 /* Preview Assets.xcassets */,
			);
			path = "Preview Content";
			sourceTree = "<group>";
		};
		4F008A1EB472BD9502DB6EBF /* Pods */ = {
			isa = PBXGroup;
			children = (
				E2D5CFA5C15AA5B324F25A6D /* Pods-ios.debug.xcconfig */,
				A176F8F676196AEACABC79D0 /* Pods-ios.release.xcconfig */,
				534CBD014A0B0C09562D7E93 /* Pods-Motif.debug.xcconfig */,
				EA319ECABE6ABA49504664E0 /* Pods-Motif.release.xcconfig */,
			);
			path = Pods;
			sourceTree = "<group>";
		};
		7555FF72242A565900829871 = {
			isa = PBXGroup;
			children = (
				7555FF7D242A565900829871 /* Motif */,
				7555FF7C242A565900829871 /* Products */,
				4F008A1EB472BD9502DB6EBF /* Pods */,
				9D5C83E1440E28BE6A4A3BA5 /* Frameworks */,
			);
			sourceTree = "<group>";
		};
		7555FF7C242A565900829871 /* Products */ = {
			isa = PBXGroup;
			children = (
				7555FF7B242A565900829871 /* Motif.app */,
			);
			name = Products;
			sourceTree = "<group>";
		};
		7555FF7D242A565900829871 /* Motif */ = {
			isa = PBXGroup;
			children = (
				B933A1D82918AFCD0061E155 /* Common */,
				B933A1D32918854B0061E155 /* Motif */,
				B9172E5529113B13007E433D /* Profile */,
				B9F2F9062909E8E900D2C223 /* ProfileSearch */,
				B91623F128E9AD7000CD5D4A /* Login */,
				B91623EA28E99FC100CD5D4A /* Feed */,
				B91623E928E99FAE00CD5D4A /* Player */,
				058557BA273AAA24004C7B11 /* Assets.xcassets */,
				7555FF82242A565900829871 /* ContentView.swift */,
				7555FF8C242A565B00829871 /* Info.plist */,
				2152FB032600AC8F00CF470E /* MotifApp.swift */,
				058557D7273AAEEB004C7B11 /* Preview Content */,
				B97E745F289FF35F008D88C2 /* AppDelegate.swift */,
				B91623F628E9AE4500CD5D4A /* MainView.swift */,
				B9F2F9042909E86400D2C223 /* FeedOrProfileSearchView.swift */,
				B9172E612911AB8A007E433D /* WithinThemeGradient.swift */,
				B933A1D1291884B20061E155 /* Color.swift */,
			);
			path = Motif;
			sourceTree = "<group>";
		};
		9D5C83E1440E28BE6A4A3BA5 /* Frameworks */ = {
			isa = PBXGroup;
			children = (
				B941005B28E92CC8000E0372 /* libsqlite3.tbd */,
				716E236A76315A487933606F /* Pods_Motif.framework */,
			);
			name = Frameworks;
			sourceTree = "<group>";
		};
		B91623E928E99FAE00CD5D4A /* Player */ = {
			isa = PBXGroup;
			children = (
				B91761DA28E9028900731A4D /* PlayerViewModelShim.swift */,
				B91623EF28E9A24E00CD5D4A /* PlayerBar.swift */,
				B9F2F8FE2909D97300D2C223 /* PlayerChooser.swift */,
			);
			path = Player;
			sourceTree = "<group>";
		};
		B91623EA28E99FC100CD5D4A /* Feed */ = {
			isa = PBXGroup;
			children = (
				B91623EB28E99FEC00CD5D4A /* FeedViewModelShim.swift */,
				B91623ED28E9A24200CD5D4A /* FeedView.swift */,
				B9F2F9002909E5D000D2C223 /* FeedProfile.swift */,
			);
			path = Feed;
			sourceTree = "<group>";
		};
		B91623F128E9AD7000CD5D4A /* Login */ = {
			isa = PBXGroup;
			children = (
				B91623F228E9AD7D00CD5D4A /* LoginViewModelShim.swift */,
				B91623F428E9ADB300CD5D4A /* LoginView.swift */,
			);
			path = Login;
			sourceTree = "<group>";
		};
		B9172E5529113B13007E433D /* Profile */ = {
			isa = PBXGroup;
			children = (
				B9172E5629113B22007E433D /* ProfileView.swift */,
				B9172E5829113CCF007E433D /* ProfileViewModelShim.swift */,
				B9172E5A2911796B007E433D /* ProfileEditView.swift */,
				B9172E5C29117980007E433D /* ProfileEditViewModelShim.swift */,
				5F74237C291541870076D124 /* ProfileMotifsGrid.swift */,
				B933A1CF291870CD0061E155 /* ProfileMotifsGridItem.swift */,
			);
			path = Profile;
			sourceTree = "<group>";
		};
		B933A1D32918854B0061E155 /* Motif */ = {
			isa = PBXGroup;
			children = (
				B933A1D42918855A0061E155 /* MotifDetailView.swift */,
				B933A1D6291885A60061E155 /* MotifDetailViewModelShim.swift */,
			);
			path = Motif;
			sourceTree = "<group>";
		};
		B933A1D82918AFCD0061E155 /* Common */ = {
			isa = PBXGroup;
			children = (
				B933A1D92918AFDF0061E155 /* DefaultCoverArt.swift */,
			);
			path = Common;
			sourceTree = "<group>";
		};
		B9F2F9062909E8E900D2C223 /* ProfileSearch */ = {
			isa = PBXGroup;
			children = (
				B9F2F9022909E60C00D2C223 /* ProfileSearchViewModelShim.swift */,
				B9F2F9072909E8FA00D2C223 /* ProfileSearchView.swift */,
				B9F2F9092909F12A00D2C223 /* ProfileSearchProfile.swift */,
			);
			path = ProfileSearch;
			sourceTree = "<group>";
		};
/* End PBXGroup section */

/* Begin PBXNativeTarget section */
		7555FF7A242A565900829871 /* Motif */ = {
			isa = PBXNativeTarget;
			buildConfigurationList = 7555FFA5242A565B00829871 /* Build configuration list for PBXNativeTarget "Motif" */;
			buildPhases = (
				05E1F933368D11D4C804E233 /* [CP] Check Pods Manifest.lock */,
				7555FF77242A565900829871 /* Sources */,
				7555FF79242A565900829871 /* Resources */,
				6738E1C627BC642EDC999A40 /* Frameworks */,
				5F1E53CC29F5309700DD7D8F /* ShellScript */,
			);
			buildRules = (
			);
			dependencies = (
			);
			name = Motif;
			packageProductDependencies = (
				B91761D428E9026C00731A4D /* KMPNativeCoroutinesAsync */,
				B91761D628E9026C00731A4D /* KMPNativeCoroutinesCombine */,
				B91761D828E9026C00731A4D /* KMPNativeCoroutinesCore */,
				B9F2F8FC2909BE7A00D2C223 /* Introspect */,
				B9172E5F29118F8A007E433D /* SwiftUIPullToRefresh */,
			);
			productName = ios;
			productReference = 7555FF7B242A565900829871 /* Motif.app */;
			productType = "com.apple.product-type.application";
		};
/* End PBXNativeTarget section */

/* Begin PBXProject section */
		7555FF73242A565900829871 /* Project object */ = {
			isa = PBXProject;
			attributes = {
				LastSwiftUpdateCheck = 1130;
				LastUpgradeCheck = 1130;
				ORGANIZATIONNAME = orgName;
				TargetAttributes = {
					7555FF7A242A565900829871 = {
						CreatedOnToolsVersion = 11.3.1;
					};
				};
			};
			buildConfigurationList = 7555FF76242A565900829871 /* Build configuration list for PBXProject "ios" */;
			compatibilityVersion = "Xcode 9.3";
			developmentRegion = en;
			hasScannedForEncodings = 0;
			knownRegions = (
				en,
				Base,
			);
			mainGroup = 7555FF72242A565900829871;
			packageReferences = (
				B91761D328E9026C00731A4D /* XCRemoteSwiftPackageReference "KMP-NativeCoroutines" */,
				B9F2F8FB2909BE7A00D2C223 /* XCRemoteSwiftPackageReference "SwiftUI-Introspect" */,
				B9172E5E29118F8A007E433D /* XCRemoteSwiftPackageReference "swiftui-pull-to-refresh" */,
			);
			productRefGroup = 7555FF7C242A565900829871 /* Products */;
			projectDirPath = "";
			projectRoot = "";
			targets = (
				7555FF7A242A565900829871 /* Motif */,
			);
		};
/* End PBXProject section */

/* Begin PBXResourcesBuildPhase section */
		7555FF79242A565900829871 /* Resources */ = {
			isa = PBXResourcesBuildPhase;
			buildActionMask = 2147483647;
			files = (
				058557D9273AAEEB004C7B11 /* Preview Assets.xcassets in Resources */,
				058557BB273AAA24004C7B11 /* Assets.xcassets in Resources */,
			);
			runOnlyForDeploymentPostprocessing = 0;
		};
/* End PBXResourcesBuildPhase section */

/* Begin PBXShellScriptBuildPhase section */
		05E1F933368D11D4C804E233 /* [CP] Check Pods Manifest.lock */ = {
			isa = PBXShellScriptBuildPhase;
			buildActionMask = 2147483647;
			files = (
			);
			inputFileListPaths = (
			);
			inputPaths = (
				"${PODS_PODFILE_DIR_PATH}/Podfile.lock",
				"${PODS_ROOT}/Manifest.lock",
			);
			name = "[CP] Check Pods Manifest.lock";
			outputFileListPaths = (
			);
			outputPaths = (
				"$(DERIVED_FILE_DIR)/Pods-Motif-checkManifestLockResult.txt",
			);
			runOnlyForDeploymentPostprocessing = 0;
			shellPath = /bin/sh;
			shellScript = "diff \"${PODS_PODFILE_DIR_PATH}/Podfile.lock\" \"${PODS_ROOT}/Manifest.lock\" > /dev/null\nif [ $? != 0 ] ; then\n    # print error to STDERR\n    echo \"error: The sandbox is not in sync with the Podfile.lock. Run 'pod install' or update your CocoaPods installation.\" >&2\n    exit 1\nfi\n# This output is used by Xcode 'outputs' to avoid re-running this script phase.\necho \"SUCCESS\" > \"${SCRIPT_OUTPUT_FILE_0}\"\n";
			showEnvVarsInLog = 0;
		};
		5F1E53CC29F5309700DD7D8F /* ShellScript */ = {
			isa = PBXShellScriptBuildPhase;
			buildActionMask = 2147483647;
			files = (
			);
			inputFileListPaths = (
			);
			inputPaths = (
			);
			outputFileListPaths = (
			);
			outputPaths = (
			);
			runOnlyForDeploymentPostprocessing = 0;
			shellPath = /bin/sh;
			shellScript = "if [[ \"$(uname -m)\" == arm64 ]]; then\n    export PATH=\"/opt/homebrew/bin:$PATH\"\nfi\n\nif which swiftlint > /dev/null; then\n  swiftlint\nelse\n  echo \"warning: SwiftLint not installed, download from https://github.com/realm/SwiftLint\"\nfi\n";
		};
/* End PBXShellScriptBuildPhase section */

/* Begin PBXSourcesBuildPhase section */
		7555FF77242A565900829871 /* Sources */ = {
			isa = PBXSourcesBuildPhase;
			buildActionMask = 2147483647;
			files = (
				B9172E622911AB8A007E433D /* WithinThemeGradient.swift in Sources */,
				B97E7460289FF35F008D88C2 /* AppDelegate.swift in Sources */,
				B9172E5D29117980007E433D /* ProfileEditViewModelShim.swift in Sources */,
				B9F2F9052909E86400D2C223 /* FeedOrProfileSearchView.swift in Sources */,
				B91623F328E9AD7D00CD5D4A /* LoginViewModelShim.swift in Sources */,
				B933A1D52918855A0061E155 /* MotifDetailView.swift in Sources */,
				B933A1D2291884B20061E155 /* Color.swift in Sources */,
				B91623EE28E9A24200CD5D4A /* FeedView.swift in Sources */,
				B933A1DA2918AFDF0061E155 /* DefaultCoverArt.swift in Sources */,
				B933A1D7291885A60061E155 /* MotifDetailViewModelShim.swift in Sources */,
				B91623F728E9AE4500CD5D4A /* MainView.swift in Sources */,
				B91623F528E9ADB300CD5D4A /* LoginView.swift in Sources */,
				B9F2F9012909E5D000D2C223 /* FeedProfile.swift in Sources */,
				B9172E5929113CCF007E433D /* ProfileViewModelShim.swift in Sources */,
				B9F2F9032909E60C00D2C223 /* ProfileSearchViewModelShim.swift in Sources */,
				B9F2F90A2909F12A00D2C223 /* ProfileSearchProfile.swift in Sources */,
				B9172E5729113B22007E433D /* ProfileView.swift in Sources */,
				B91623F028E9A24E00CD5D4A /* PlayerBar.swift in Sources */,
				B9F2F8FF2909D97300D2C223 /* PlayerChooser.swift in Sources */,
				B91623EC28E99FEC00CD5D4A /* FeedViewModelShim.swift in Sources */,
				B9172E5B2911796B007E433D /* ProfileEditView.swift in Sources */,
				B933A1D0291870CD0061E155 /* ProfileMotifsGridItem.swift in Sources */,
				5F74237D291541870076D124 /* ProfileMotifsGrid.swift in Sources */,
				B9F2F9082909E8FA00D2C223 /* ProfileSearchView.swift in Sources */,
				B91761DB28E9028900731A4D /* PlayerViewModelShim.swift in Sources */,
				2152FB042600AC8F00CF470E /* MotifApp.swift in Sources */,
				7555FF83242A565900829871 /* ContentView.swift in Sources */,
			);
			runOnlyForDeploymentPostprocessing = 0;
		};
/* End PBXSourcesBuildPhase section */

/* Begin XCBuildConfiguration section */
		7555FFA3242A565B00829871 /* Debug */ = {
			isa = XCBuildConfiguration;
			buildSettings = {
				ALWAYS_SEARCH_USER_PATHS = NO;
				CLANG_ANALYZER_NONNULL = YES;
				CLANG_ANALYZER_NUMBER_OBJECT_CONVERSION = YES_AGGRESSIVE;
				CLANG_CXX_LANGUAGE_STANDARD = "gnu++14";
				CLANG_CXX_LIBRARY = "libc++";
				CLANG_ENABLE_MODULES = YES;
				CLANG_ENABLE_OBJC_ARC = YES;
				CLANG_ENABLE_OBJC_WEAK = YES;
				CLANG_WARN_BLOCK_CAPTURE_AUTORELEASING = YES;
				CLANG_WARN_BOOL_CONVERSION = YES;
				CLANG_WARN_COMMA = YES;
				CLANG_WARN_CONSTANT_CONVERSION = YES;
				CLANG_WARN_DEPRECATED_OBJC_IMPLEMENTATIONS = YES;
				CLANG_WARN_DIRECT_OBJC_ISA_USAGE = YES_ERROR;
				CLANG_WARN_DOCUMENTATION_COMMENTS = YES;
				CLANG_WARN_EMPTY_BODY = YES;
				CLANG_WARN_ENUM_CONVERSION = YES;
				CLANG_WARN_INFINITE_RECURSION = YES;
				CLANG_WARN_INT_CONVERSION = YES;
				CLANG_WARN_NON_LITERAL_NULL_CONVERSION = YES;
				CLANG_WARN_OBJC_IMPLICIT_RETAIN_SELF = YES;
				CLANG_WARN_OBJC_LITERAL_CONVERSION = YES;
				CLANG_WARN_OBJC_ROOT_CLASS = YES_ERROR;
				CLANG_WARN_QUOTED_INCLUDE_IN_FRAMEWORK_HEADER = YES;
				CLANG_WARN_RANGE_LOOP_ANALYSIS = YES;
				CLANG_WARN_STRICT_PROTOTYPES = YES;
				CLANG_WARN_SUSPICIOUS_MOVE = YES;
				CLANG_WARN_UNGUARDED_AVAILABILITY = YES_AGGRESSIVE;
				CLANG_WARN_UNREACHABLE_CODE = YES;
				CLANG_WARN__DUPLICATE_METHOD_MATCH = YES;
				COPY_PHASE_STRIP = NO;
				DEBUG_INFORMATION_FORMAT = "dwarf-with-dsym";
				ENABLE_STRICT_OBJC_MSGSEND = YES;
				ENABLE_TESTABILITY = YES;
				GCC_C_LANGUAGE_STANDARD = gnu11;
				GCC_DYNAMIC_NO_PIC = NO;
				GCC_NO_COMMON_BLOCKS = YES;
				GCC_OPTIMIZATION_LEVEL = 0;
				GCC_PREPROCESSOR_DEFINITIONS = (
					"DEBUG=1",
					"$(inherited)",
				);
				GCC_WARN_64_TO_32_BIT_CONVERSION = YES;
				GCC_WARN_ABOUT_RETURN_TYPE = YES_ERROR;
				GCC_WARN_UNDECLARED_SELECTOR = YES;
				GCC_WARN_UNINITIALIZED_AUTOS = YES_AGGRESSIVE;
				GCC_WARN_UNUSED_FUNCTION = YES;
				GCC_WARN_UNUSED_VARIABLE = YES;
				IPHONEOS_DEPLOYMENT_TARGET = 14.0;
				MTL_ENABLE_DEBUG_INFO = INCLUDE_SOURCE;
				MTL_FAST_MATH = YES;
				ONLY_ACTIVE_ARCH = YES;
				SDKROOT = iphoneos;
				SWIFT_ACTIVE_COMPILATION_CONDITIONS = DEBUG;
				SWIFT_OPTIMIZATION_LEVEL = "-Onone";
				SWIFT_VERSION = 5.0;
			};
			name = Debug;
		};
		7555FFA4242A565B00829871 /* Release */ = {
			isa = XCBuildConfiguration;
			buildSettings = {
				ALWAYS_SEARCH_USER_PATHS = NO;
				CLANG_ANALYZER_NONNULL = YES;
				CLANG_ANALYZER_NUMBER_OBJECT_CONVERSION = YES_AGGRESSIVE;
				CLANG_CXX_LANGUAGE_STANDARD = "gnu++14";
				CLANG_CXX_LIBRARY = "libc++";
				CLANG_ENABLE_MODULES = YES;
				CLANG_ENABLE_OBJC_ARC = YES;
				CLANG_ENABLE_OBJC_WEAK = YES;
				CLANG_WARN_BLOCK_CAPTURE_AUTORELEASING = YES;
				CLANG_WARN_BOOL_CONVERSION = YES;
				CLANG_WARN_COMMA = YES;
				CLANG_WARN_CONSTANT_CONVERSION = YES;
				CLANG_WARN_DEPRECATED_OBJC_IMPLEMENTATIONS = YES;
				CLANG_WARN_DIRECT_OBJC_ISA_USAGE = YES_ERROR;
				CLANG_WARN_DOCUMENTATION_COMMENTS = YES;
				CLANG_WARN_EMPTY_BODY = YES;
				CLANG_WARN_ENUM_CONVERSION = YES;
				CLANG_WARN_INFINITE_RECURSION = YES;
				CLANG_WARN_INT_CONVERSION = YES;
				CLANG_WARN_NON_LITERAL_NULL_CONVERSION = YES;
				CLANG_WARN_OBJC_IMPLICIT_RETAIN_SELF = YES;
				CLANG_WARN_OBJC_LITERAL_CONVERSION = YES;
				CLANG_WARN_OBJC_ROOT_CLASS = YES_ERROR;
				CLANG_WARN_QUOTED_INCLUDE_IN_FRAMEWORK_HEADER = YES;
				CLANG_WARN_RANGE_LOOP_ANALYSIS = YES;
				CLANG_WARN_STRICT_PROTOTYPES = YES;
				CLANG_WARN_SUSPICIOUS_MOVE = YES;
				CLANG_WARN_UNGUARDED_AVAILABILITY = YES_AGGRESSIVE;
				CLANG_WARN_UNREACHABLE_CODE = YES;
				CLANG_WARN__DUPLICATE_METHOD_MATCH = YES;
				COPY_PHASE_STRIP = NO;
				DEBUG_INFORMATION_FORMAT = "dwarf-with-dsym";
				ENABLE_NS_ASSERTIONS = NO;
				ENABLE_STRICT_OBJC_MSGSEND = YES;
				GCC_C_LANGUAGE_STANDARD = gnu11;
				GCC_NO_COMMON_BLOCKS = YES;
				GCC_WARN_64_TO_32_BIT_CONVERSION = YES;
				GCC_WARN_ABOUT_RETURN_TYPE = YES_ERROR;
				GCC_WARN_UNDECLARED_SELECTOR = YES;
				GCC_WARN_UNINITIALIZED_AUTOS = YES_AGGRESSIVE;
				GCC_WARN_UNUSED_FUNCTION = YES;
				GCC_WARN_UNUSED_VARIABLE = YES;
				IPHONEOS_DEPLOYMENT_TARGET = 14.0;
				MTL_ENABLE_DEBUG_INFO = NO;
				MTL_FAST_MATH = YES;
				SDKROOT = iphoneos;
				SWIFT_COMPILATION_MODE = wholemodule;
				SWIFT_OPTIMIZATION_LEVEL = "-O";
				SWIFT_VERSION = 5.0;
				VALIDATE_PRODUCT = YES;
			};
			name = Release;
		};
		7555FFA6242A565B00829871 /* Debug */ = {
			isa = XCBuildConfiguration;
			baseConfigurationReference = 534CBD014A0B0C09562D7E93 /* Pods-Motif.debug.xcconfig */;
			buildSettings = {
				ASSETCATALOG_COMPILER_APPICON_NAME = AppIcon;
				ASSETCATALOG_COMPILER_GLOBAL_ACCENT_COLOR_NAME = AccentColor;
				CODE_SIGN_IDENTITY = "Apple Development";
				CODE_SIGN_STYLE = Automatic;
				DEVELOPMENT_ASSET_PATHS = "\"Motif/Preview Content\"";
				DEVELOPMENT_TEAM = BWY2HVVQ5X;
				ENABLE_PREVIEWS = YES;
				FRAMEWORK_SEARCH_PATHS = (
					"$(inherited)",
					"\"${PODS_CONFIGURATION_BUILD_DIR}/AppAuth\"",
					"\"${PODS_CONFIGURATION_BUILD_DIR}/GTMAppAuth\"",
					"\"${PODS_CONFIGURATION_BUILD_DIR}/GTMSessionFetcher\"",
					"\"${PODS_CONFIGURATION_BUILD_DIR}/GoogleSignIn\"",
					"\"${PODS_CONFIGURATION_BUILD_DIR}/GoogleSignInSwiftSupport\"",
					"\"${PODS_ROOT}/../../shared/build/cocoapods/framework\"",
					"\"${PODS_ROOT}/../../pod\"",
				);
				INFOPLIST_FILE = Motif/Info.plist;
				INFOPLIST_KEY_CFBundleDisplayName = Motif;
				INFOPLIST_KEY_LSApplicationCategoryType = "public.app-category.music";
				IPHONEOS_DEPLOYMENT_TARGET = 15.6;
				LD_RUNPATH_SEARCH_PATHS = (
					"$(inherited)",
					"@executable_path/Frameworks",
				);
				OTHER_LDFLAGS = (
					"$(inherited)",
					"-ObjC",
					"-l\"c++\"",
					"-framework",
					"\"Shared\"",
				);
				PRODUCT_BUNDLE_IDENTIFIER = de.julianostarek.motif;
				PRODUCT_NAME = "$(TARGET_NAME)";
				PROVISIONING_PROFILE_SPECIFIER = "";
				SWIFT_VERSION = 5.0;
				TARGETED_DEVICE_FAMILY = "1,2";
			};
			name = Debug;
		};
		7555FFA7242A565B00829871 /* Release */ = {
			isa = XCBuildConfiguration;
			baseConfigurationReference = EA319ECABE6ABA49504664E0 /* Pods-Motif.release.xcconfig */;
			buildSettings = {
				ASSETCATALOG_COMPILER_APPICON_NAME = AppIcon;
				ASSETCATALOG_COMPILER_GLOBAL_ACCENT_COLOR_NAME = AccentColor;
				CODE_SIGN_IDENTITY = "Apple Development";
				CODE_SIGN_STYLE = Automatic;
				DEVELOPMENT_ASSET_PATHS = "\"Motif/Preview Content\"";
				DEVELOPMENT_TEAM = BWY2HVVQ5X;
				ENABLE_PREVIEWS = YES;
				FRAMEWORK_SEARCH_PATHS = (
					"$(inherited)",
					"\"${PODS_CONFIGURATION_BUILD_DIR}/AppAuth\"",
					"\"${PODS_CONFIGURATION_BUILD_DIR}/GTMAppAuth\"",
					"\"${PODS_CONFIGURATION_BUILD_DIR}/GTMSessionFetcher\"",
					"\"${PODS_CONFIGURATION_BUILD_DIR}/GoogleSignIn\"",
					"\"${PODS_CONFIGURATION_BUILD_DIR}/GoogleSignInSwiftSupport\"",
					"\"${PODS_ROOT}/../../shared/build/cocoapods/framework\"",
					"\"${PODS_ROOT}/../../pod\"",
				);
				INFOPLIST_FILE = Motif/Info.plist;
				INFOPLIST_KEY_CFBundleDisplayName = Motif;
				INFOPLIST_KEY_LSApplicationCategoryType = "public.app-category.music";
				IPHONEOS_DEPLOYMENT_TARGET = 15.6;
				LD_RUNPATH_SEARCH_PATHS = (
					"$(inherited)",
					"@executable_path/Frameworks",
				);
				OTHER_LDFLAGS = (
					"$(inherited)",
					"-ObjC",
					"-l\"c++\"",
					"-framework",
					"\"Shared\"",
				);
				PRODUCT_BUNDLE_IDENTIFIER = de.julianostarek.motif;
				PRODUCT_NAME = "$(TARGET_NAME)";
				PROVISIONING_PROFILE_SPECIFIER = "";
				SWIFT_VERSION = 5.0;
				TARGETED_DEVICE_FAMILY = "1,2";
			};
			name = Release;
		};
/* End XCBuildConfiguration section */

/* Begin XCConfigurationList section */
		7555FF76242A565900829871 /* Build configuration list for PBXProject "ios" */ = {
			isa = XCConfigurationList;
			buildConfigurations = (
				7555FFA3242A565B00829871 /* Debug */,
				7555FFA4242A565B00829871 /* Release */,
			);
			defaultConfigurationIsVisible = 0;
			defaultConfigurationName = Release;
		};
		7555FFA5242A565B00829871 /* Build configuration list for PBXNativeTarget "Motif" */ = {
			isa = XCConfigurationList;
			buildConfigurations = (
				7555FFA6242A565B00829871 /* Debug */,
				7555FFA7242A565B00829871 /* Release */,
			);
			defaultConfigurationIsVisible = 0;
			defaultConfigurationName = Release;
		};
/* End XCConfigurationList section */

/* Begin XCRemoteSwiftPackageReference section */
		B9172E5E29118F8A007E433D /* XCRemoteSwiftPackageReference "swiftui-pull-to-refresh" */ = {
			isa = XCRemoteSwiftPackageReference;
			repositoryURL = "https://github.com/globulus/swiftui-pull-to-refresh";
			requirement = {
				branch = main;
				kind = branch;
			};
		};
		B91761D328E9026C00731A4D /* XCRemoteSwiftPackageReference "KMP-NativeCoroutines" */ = {
			isa = XCRemoteSwiftPackageReference;
			repositoryURL = "https://github.com/rickclephas/KMP-NativeCoroutines";
			requirement = {
				kind = exactVersion;
				version = "1.0.0-ALPHA-7";
			};
		};
		B9F2F8FB2909BE7A00D2C223 /* XCRemoteSwiftPackageReference "SwiftUI-Introspect" */ = {
			isa = XCRemoteSwiftPackageReference;
			repositoryURL = "https://github.com/siteline/SwiftUI-Introspect";
			requirement = {
				branch = master;
				kind = branch;
			};
		};
/* End XCRemoteSwiftPackageReference section */

/* Begin XCSwiftPackageProductDependency section */
		B9172E5F29118F8A007E433D /* SwiftUIPullToRefresh */ = {
			isa = XCSwiftPackageProductDependency;
			package = B9172E5E29118F8A007E433D /* XCRemoteSwiftPackageReference "swiftui-pull-to-refresh" */;
			productName = SwiftUIPullToRefresh;
		};
		B91761D428E9026C00731A4D /* KMPNativeCoroutinesAsync */ = {
			isa = XCSwiftPackageProductDependency;
			package = B91761D328E9026C00731A4D /* XCRemoteSwiftPackageReference "KMP-NativeCoroutines" */;
			productName = KMPNativeCoroutinesAsync;
		};
		B91761D628E9026C00731A4D /* KMPNativeCoroutinesCombine */ = {
			isa = XCSwiftPackageProductDependency;
			package = B91761D328E9026C00731A4D /* XCRemoteSwiftPackageReference "KMP-NativeCoroutines" */;
			productName = KMPNativeCoroutinesCombine;
		};
		B91761D828E9026C00731A4D /* KMPNativeCoroutinesCore */ = {
			isa = XCSwiftPackageProductDependency;
			package = B91761D328E9026C00731A4D /* XCRemoteSwiftPackageReference "KMP-NativeCoroutines" */;
			productName = KMPNativeCoroutinesCore;
		};
		B9F2F8FC2909BE7A00D2C223 /* Introspect */ = {
			isa = XCSwiftPackageProductDependency;
			package = B9F2F8FB2909BE7A00D2C223 /* XCRemoteSwiftPackageReference "SwiftUI-Introspect" */;
			productName = Introspect;
		};
/* End XCSwiftPackageProductDependency section */
	};
	rootObject = 7555FF73242A565900829871 /* Project object */;
}
