PODS:
  - Shared (1.0)
  - SpotifyiOS (1.2.2)

DEPENDENCIES:
  - Shared (from `../shared`)
  - SpotifyiOS (from `../player/player-spotify/pod`)

EXTERNAL SOURCES:
  Shared:
    :path: "../shared"
  SpotifyiOS:
    :path: "../player/player-spotify/pod"

SPEC CHECKSUMS:
  Shared: 69670cd0f6b136bb0ed0eaf535f95ac0826a2c52
  SpotifyiOS: 65dfdbe99bb369184b4c8157de71d8c80c6892c9

PODFILE CHECKSUM: 450fe2c12cbe52404c8be605b95cb32b5a783c48

COCOAPODS: 1.11.3
